
Microsoft Visual Studio Solution File, Format Version 12.00
# Visual Studio 15
Project("{FAE04EC0-301F-11D3-BF4B-00C04F79EFBC}") = "PhotonUnityNetworking.Utilities", "PhotonUnityNetworking.Utilities.csproj", "{23A36E87-E0D9-53D2-3949-A8465F16F39B}"
EndProject
Project("{FAE04EC0-301F-11D3-BF4B-00C04F79EFBC}") = "Assembly-CSharp", "Assembly-CSharp.csproj", "{22554B31-92C1-942A-C586-C9DFC23E2149}"
EndProject
Project("{FAE04EC0-301F-11D3-BF4B-00C04F79EFBC}") = "PhotonUnityNetworking.Demos", "PhotonUnityNetworking.Demos.csproj", "{48F9F86D-0DA6-3170-06F8-E8B2F493881E}"
EndProject
Project("{FAE04EC0-301F-11D3-BF4B-00C04F79EFBC}") = "PhotonUnityNetworking", "PhotonUnityNetworking.csproj", "{B581E597-B2E4-DBB7-EB78-20C2673F79BE}"
EndProject
Project("{FAE04EC0-301F-11D3-BF4B-00C04F79EFBC}") = "PhotonChat", "PhotonChat.csproj", "{A165070C-AFD1-DA5B-9746-125A5C404C1F}"
EndProject
Project("{FAE04EC0-301F-11D3-BF4B-00C04F79EFBC}") = "PhotonRealtime", "PhotonRealtime.csproj", "{86E6B4DA-E35B-BC42-BBEF-9F06C799096B}"
EndProject
Project("{FAE04EC0-301F-11D3-BF4B-00C04F79EFBC}") = "PhotonUnityNetworking.Editor", "PhotonUnityNetworking.Editor.csproj", "{E7C1DCBD-E019-8AD5-A27F-8D739320C26E}"
EndProject
Project("{FAE04EC0-301F-11D3-BF4B-00C04F79EFBC}") = "PhotonUnityNetworking.Utilities.PhotonPlayer.Editor", "PhotonUnityNetworking.Utilities.PhotonPlayer.Editor.csproj", "{9C4B8738-1C5F-EE44-895C-76791318EDA3}"
EndProject
Project("{FAE04EC0-301F-11D3-BF4B-00C04F79EFBC}") = "PunDemos.DemoSlotcarEditor", "PunDemos.DemoSlotcarEditor.csproj", "{D879FEA4-7DC7-19E8-6A3C-A8009B901A8F}"
EndProject
Project("{FAE04EC0-301F-11D3-BF4B-00C04F79EFBC}") = "PhotonUnityNetworking.Utilities.Culling.Editor", "PhotonUnityNetworking.Utilities.Culling.Editor.csproj", "{71ACFDBD-6EE8-5AA1-4098-EA257EDADF21}"
EndProject
Project("{FAE04EC0-301F-11D3-BF4B-00C04F79EFBC}") = "PunDemos.DemoHubEditor", "PunDemos.DemoHubEditor.csproj", "{E2A58F41-5560-23DD-7071-A379789A01C3}"
EndProject
Project("{FAE04EC0-301F-11D3-BF4B-00C04F79EFBC}") = "Assembly-CSharp-Editor", "Assembly-CSharp-Editor.csproj", "{7A832E22-3755-F507-6916-D0850DF185F7}"
EndProject
Global
	GlobalSection(SolutionConfigurationPlatforms) = preSolution
		Debug|Any CPU = Debug|Any CPU
		Release|Any CPU = Release|Any CPU
	EndGlobalSection
	GlobalSection(ProjectConfigurationPlatforms) = postSolution
		{23A36E87-E0D9-53D2-3949-A8465F16F39B}.Debug|Any CPU.ActiveCfg = Debug|Any CPU
		{23A36E87-E0D9-53D2-3949-A8465F16F39B}.Debug|Any CPU.Build.0 = Debug|Any CPU
		{23A36E87-E0D9-53D2-3949-A8465F16F39B}.Release|Any CPU.ActiveCfg = Release|Any CPU
		{23A36E87-E0D9-53D2-3949-A8465F16F39B}.Release|Any CPU.Build.0 = Release|Any CPU
		{22554B31-92C1-942A-C586-C9DFC23E2149}.Debug|Any CPU.ActiveCfg = Debug|Any CPU
		{22554B31-92C1-942A-C586-C9DFC23E2149}.Debug|Any CPU.Build.0 = Debug|Any CPU
		{22554B31-92C1-942A-C586-C9DFC23E2149}.Release|Any CPU.ActiveCfg = Release|Any CPU
		{22554B31-92C1-942A-C586-C9DFC23E2149}.Release|Any CPU.Build.0 = Release|Any CPU
		{48F9F86D-0DA6-3170-06F8-E8B2F493881E}.Debug|Any CPU.ActiveCfg = Debug|Any CPU
		{48F9F86D-0DA6-3170-06F8-E8B2F493881E}.Debug|Any CPU.Build.0 = Debug|Any CPU
		{48F9F86D-0DA6-3170-06F8-E8B2F493881E}.Release|Any CPU.ActiveCfg = Release|Any CPU
		{48F9F86D-0DA6-3170-06F8-E8B2F493881E}.Release|Any CPU.Build.0 = Release|Any CPU
		{B581E597-B2E4-DBB7-EB78-20C2673F79BE}.Debug|Any CPU.ActiveCfg = Debug|Any CPU
		{B581E597-B2E4-DBB7-EB78-20C2673F79BE}.Debug|Any CPU.Build.0 = Debug|Any CPU
		{B581E597-B2E4-DBB7-EB78-20C2673F79BE}.Release|Any CPU.ActiveCfg = Release|Any CPU
		{B581E597-B2E4-DBB7-EB78-20C2673F79BE}.Release|Any CPU.Build.0 = Release|Any CPU
		{A165070C-AFD1-DA5B-9746-125A5C404C1F}.Debug|Any CPU.ActiveCfg = Debug|Any CPU
		{A165070C-AFD1-DA5B-9746-125A5C404C1F}.Debug|Any CPU.Build.0 = Debug|Any CPU
		{A165070C-AFD1-DA5B-9746-125A5C404C1F}.Release|Any CPU.ActiveCfg = Release|Any CPU
		{A165070C-AFD1-DA5B-9746-125A5C404C1F}.Release|Any CPU.Build.0 = Release|Any CPU
		{86E6B4DA-E35B-BC42-BBEF-9F06C799096B}.Debug|Any CPU.ActiveCfg = Debug|Any CPU
		{86E6B4DA-E35B-BC42-BBEF-9F06C799096B}.Debug|Any CPU.Build.0 = Debug|Any CPU
		{86E6B4DA-E35B-BC42-BBEF-9F06C799096B}.Release|Any CPU.ActiveCfg = Release|Any CPU
		{86E6B4DA-E35B-BC42-BBEF-9F06C799096B}.Release|Any CPU.Build.0 = Release|Any CPU
		{E7C1DCBD-E019-8AD5-A27F-8D739320C26E}.Debug|Any CPU.ActiveCfg = Debug|Any CPU
		{E7C1DCBD-E019-8AD5-A27F-8D739320C26E}.Debug|Any CPU.Build.0 = Debug|Any CPU
		{E7C1DCBD-E019-8AD5-A27F-8D739320C26E}.Release|Any CPU.ActiveCfg = Release|Any CPU
		{E7C1DCBD-E019-8AD5-A27F-8D739320C26E}.Release|Any CPU.Build.0 = Release|Any CPU
		{9C4B8738-1C5F-EE44-895C-76791318EDA3}.Debug|Any CPU.ActiveCfg = Debug|Any CPU
		{9C4B8738-1C5F-EE44-895C-76791318EDA3}.Debug|Any CPU.Build.0 = Debug|Any CPU
		{9C4B8738-1C5F-EE44-895C-76791318EDA3}.Release|Any CPU.ActiveCfg = Release|Any CPU
		{9C4B8738-1C5F-EE44-895C-76791318EDA3}.Release|Any CPU.Build.0 = Release|Any CPU
		{D879FEA4-7DC7-19E8-6A3C-A8009B901A8F}.Debug|Any CPU.ActiveCfg = Debug|Any CPU
		{D879FEA4-7DC7-19E8-6A3C-A8009B901A8F}.Debug|Any CPU.Build.0 = Debug|Any CPU
		{D879FEA4-7DC7-19E8-6A3C-A8009B901A8F}.Release|Any CPU.ActiveCfg = Release|Any CPU
		{D879FEA4-7DC7-19E8-6A3C-A8009B901A8F}.Release|Any CPU.Build.0 = Release|Any CPU
		{71ACFDBD-6EE8-5AA1-4098-EA257EDADF21}.Debug|Any CPU.ActiveCfg = Debug|Any CPU
		{71ACFDBD-6EE8-5AA1-4098-EA257EDADF21}.Debug|Any CPU.Build.0 = Debug|Any CPU
		{71ACFDBD-6EE8-5AA1-4098-EA257EDADF21}.Release|Any CPU.ActiveCfg = Release|Any CPU
		{71ACFDBD-6EE8-5AA1-4098-EA257EDADF21}.Release|Any CPU.Build.0 = Release|Any CPU
		{E2A58F41-5560-23DD-7071-A379789A01C3}.Debug|Any CPU.ActiveCfg = Debug|Any CPU
		{E2A58F41-5560-23DD-7071-A379789A01C3}.Debug|Any CPU.Build.0 = Debug|Any CPU
		{E2A58F41-5560-23DD-7071-A379789A01C3}.Release|Any CPU.ActiveCfg = Release|Any CPU
		{E2A58F41-5560-23DD-7071-A379789A01C3}.Release|Any CPU.Build.0 = Release|Any CPU
		{7A832E22-3755-F507-6916-D0850DF185F7}.Debug|Any CPU.ActiveCfg = Debug|Any CPU
		{7A832E22-3755-F507-6916-D0850DF185F7}.Debug|Any CPU.Build.0 = Debug|Any CPU
		{7A832E22-3755-F507-6916-D0850DF185F7}.Release|Any CPU.ActiveCfg = Release|Any CPU
		{7A832E22-3755-F507-6916-D0850DF185F7}.Release|Any CPU.Build.0 = Release|Any CPU
	EndGlobalSection
	GlobalSection(SolutionProperties) = preSolution
		HideSolutionNode = FALSE
	EndGlobalSection
EndGlobal
